// !$*UTF8*$!
{
	archiveVersion = 1;
	classes = {
	};
	objectVersion = 50;
	objects = {

/* Begin PBXBuildFile section */
		2BCE11EB20EDAB1F009F373A /* AppDelegate.swift in Sources */ = {isa = PBXBuildFile; fileRef = 2BCE11EA20EDAB1F009F373A /* AppDelegate.swift */; };
		2BCE11ED20EDAB1F009F373A /* ViewController.swift in Sources */ = {isa = PBXBuildFile; fileRef = 2BCE11EC20EDAB1F009F373A /* ViewController.swift */; };
		2BCE11F020EDAB1F009F373A /* Main.storyboard in Resources */ = {isa = PBXBuildFile; fileRef = 2BCE11EE20EDAB1F009F373A /* Main.storyboard */; };
		2BCE11F320EDAB1F009F373A /* MSE7.xcdatamodeld in Sources */ = {isa = PBXBuildFile; fileRef = 2BCE11F120EDAB1F009F373A /* MSE7.xcdatamodeld */; };
		2BCE11F520EDAB20009F373A /* Assets.xcassets in Resources */ = {isa = PBXBuildFile; fileRef = 2BCE11F420EDAB20009F373A /* Assets.xcassets */; };
		2BCE11F820EDAB20009F373A /* LaunchScreen.storyboard in Resources */ = {isa = PBXBuildFile; fileRef = 2BCE11F620EDAB20009F373A /* LaunchScreen.storyboard */; };
/* End PBXBuildFile section */

/* Begin PBXFileReference section */
		2BCE11E720EDAB1F009F373A /* MSE7.app */ = {isa = PBXFileReference; explicitFileType = wrapper.application; includeInIndex = 0; path = MSE7.app; sourceTree = BUILT_PRODUCTS_DIR; };
		2BCE11EA20EDAB1F009F373A /* AppDelegate.swift */ = {isa = PBXFileReference; lastKnownFileType = sourcecode.swift; path = AppDelegate.swift; sourceTree = "<group>"; };
		2BCE11EC20EDAB1F009F373A /* ViewController.swift */ = {isa = PBXFileReference; lastKnownFileType = sourcecode.swift; path = ViewController.swift; sourceTree = "<group>"; };
		2BCE11EF20EDAB1F009F373A /* Base */ = {isa = PBXFileReference; lastKnownFileType = file.storyboard; name = Base; path = Base.lproj/Main.storyboard; sourceTree = "<group>"; };
		2BCE11F220EDAB1F009F373A /* MSE7.xcdatamodel */ = {isa = PBXFileReference; lastKnownFileType = wrapper.xcdatamodel; path = MSE7.xcdatamodel; sourceTree = "<group>"; };
		2BCE11F420EDAB20009F373A /* Assets.xcassets */ = {isa = PBXFileReference; lastKnownFileType = folder.assetcatalog; path = Assets.xcassets; sourceTree = "<group>"; };
		2BCE11F720EDAB20009F373A /* Base */ = {isa = PBXFileReference; lastKnownFileType = file.storyboard; name = Base; path = Base.lproj/LaunchScreen.storyboard; sourceTree = "<group>"; };
		2BCE11F920EDAB20009F373A /* Info.plist */ = {isa = PBXFileReference; lastKnownFileType = text.plist.xml; path = Info.plist; sourceTree = "<group>"; };
/* End PBXFileReference section */

/* Begin PBXFrameworksBuildPhase section */
		2BCE11E420EDAB1F009F373A /* Frameworks */ = {
			isa = PBXFrameworksBuildPhase;
			buildActionMask = 2147483647;
			files = (
			);
			runOnlyForDeploymentPostprocessing = 0;
		};
/* End PBXFrameworksBuildPhase section */

/* Begin PBXGroup section */
		2BCE11DE20EDAB1F009F373A = {
			isa = PBXGroup;
			children = (
				2BCE11E920EDAB1F009F373A /* MSE7 */,
				2BCE11E820EDAB1F009F373A /* Products */,
			);
			sourceTree = "<group>";
		};
		2BCE11E820EDAB1F009F373A /* Products */ = {
			isa = PBXGroup;
			children = (
				2BCE11E720EDAB1F009F373A /* MSE7.app */,
			);
			name = Products;
			sourceTree = "<group>";
		};
		2BCE11E920EDAB1F009F373A /* MSE7 */ = {
			isa = PBXGroup;
			children = (
				2BCE11EA20EDAB1F009F373A /* AppDelegate.swift */,
				2BCE11EC20EDAB1F009F373A /* ViewController.swift */,
				2BCE11EE20EDAB1F009F373A /* Main.storyboard */,
				2BCE11F420EDAB20009F373A /* Assets.xcassets */,
				2BCE11F620EDAB20009F373A /* LaunchScreen.storyboard */,
				2BCE11F920EDAB20009F373A /* Info.plist */,
				2BCE11F120EDAB1F009F373A /* MSE7.xcdatamodeld */,
			);
			path = MSE7;
			sourceTree = "<group>";
		};
/* End PBXGroup section */

/* Begin PBXNativeTarget section */
		2BCE11E620EDAB1F009F373A /* MSE7 */ = {
			isa = PBXNativeTarget;
			buildConfigurationList = 2BCE11FC20EDAB20009F373A /* Build configuration list for PBXNativeTarget "MSE7" */;
			buildPhases = (
				2BCE11E320EDAB1F009F373A /* Sources */,
				2BCE11E420EDAB1F009F373A /* Frameworks */,
				2BCE11E520EDAB1F009F373A /* Resources */,
			);
			buildRules = (
			);
			dependencies = (
			);
			name = MSE7;
			productName = MSE7;
			productReference = 2BCE11E720EDAB1F009F373A /* MSE7.app */;
			productType = "com.apple.product-type.application";
		};
/* End PBXNativeTarget section */

/* Begin PBXProject section */
		2BCE11DF20EDAB1F009F373A /* Project object */ = {
			isa = PBXProject;
			attributes = {
				LastSwiftUpdateCheck = 0940;
				LastUpgradeCheck = 0940;
				ORGANIZATIONNAME = MidfieldSoultions;
				TargetAttributes = {
					2BCE11E620EDAB1F009F373A = {
						CreatedOnToolsVersion = 9.4.1;
					};
				};
			};
			buildConfigurationList = 2BCE11E220EDAB1F009F373A /* Build configuration list for PBXProject "MSE7" */;
			compatibilityVersion = "Xcode 9.3";
			developmentRegion = en;
			hasScannedForEncodings = 0;
			knownRegions = (
				en,
				Base,
			);
			mainGroup = 2BCE11DE20EDAB1F009F373A;
			productRefGroup = 2BCE11E820EDAB1F009F373A /* Products */;
			projectDirPath = "";
			projectRoot = "";
			targets = (
				2BCE11E620EDAB1F009F373A /* MSE7 */,
			);
		};
/* End PBXProject section */

/* Begin PBXResourcesBuildPhase section */
		2BCE11E520EDAB1F009F373A /* Resources */ = {
			isa = PBXResourcesBuildPhase;
			buildActionMask = 2147483647;
			files = (
				2BCE11F820EDAB20009F373A /* LaunchScreen.storyboard in Resources */,
				2BCE11F520EDAB20009F373A /* Assets.xcassets in Resources */,
				2BCE11F020EDAB1F009F373A /* Main.storyboard in Resources */,
			);
			runOnlyForDeploymentPostprocessing = 0;
		};
/* End PBXResourcesBuildPhase section */

/* Begin PBXSourcesBuildPhase section */
		2BCE11E320EDAB1F009F373A /* Sources */ = {
			isa = PBXSourcesBuildPhase;
			buildActionMask = 2147483647;
			files = (
				2BCE11ED20EDAB1F009F373A /* ViewController.swift in Sources */,
				2BCE11F320EDAB1F009F373A /* MSE7.xcdatamodeld in Sources */,
				2BCE11EB20EDAB1F009F373A /* AppDelegate.swift in Sources */,
			);
			runOnlyForDeploymentPostprocessing = 0;
		};
/* End PBXSourcesBuildPhase section */

/* Begin PBXVariantGroup section */
		2BCE11EE20EDAB1F009F373A /* Main.storyboard */ = {
			isa = PBXVariantGroup;
			children = (
				2BCE11EF20EDAB1F009F373A /* Base */,
			);
			name = Main.storyboard;
			sourceTree = "<group>";
		};
		2BCE11F620EDAB20009F373A /* LaunchScreen.storyboard */ = {
			isa = PBXVariantGroup;
			children = (
				2BCE11F720EDAB20009F373A /* Base */,
			);
			name = LaunchScreen.storyboard;
			sourceTree = "<group>";
		};
/* End PBXVariantGroup section */

/* Begin XCBuildConfiguration section */
		2BCE11FA20EDAB20009F373A /* Debug */ = {
			isa = XCBuildConfiguration;
			buildSettings = {
				ALWAYS_SEARCH_USER_PATHS = NO;
				CLANG_ANALYZER_NONNULL = YES;
				CLANG_ANALYZER_NUMBER_OBJECT_CONVERSION = YES_AGGRESSIVE;
				CLANG_CXX_LANGUAGE_STANDARD = "gnu++14";
				CLANG_CXX_LIBRARY = "libc++";
				CLANG_ENABLE_MODULES = YES;
				CLANG_ENABLE_OBJC_ARC = YES;
				CLANG_ENABLE_OBJC_WEAK = YES;
				CLANG_WARN_BLOCK_CAPTURE_AUTORELEASING = YES;
				CLANG_WARN_BOOL_CONVERSION = YES;
				CLANG_WARN_COMMA = YES;
				CLANG_WARN_CONSTANT_CONVERSION = YES;
				CLANG_WARN_DEPRECATED_OBJC_IMPLEMENTATIONS = YES;
				CLANG_WARN_DIRECT_OBJC_ISA_USAGE = YES_ERROR;
				CLANG_WARN_DOCUMENTATION_COMMENTS = YES;
				CLANG_WARN_EMPTY_BODY = YES;
				CLANG_WARN_ENUM_CONVERSION = YES;
				CLANG_WARN_INFINITE_RECURSION = YES;
				CLANG_WARN_INT_CONVERSION = YES;
				CLANG_WARN_NON_LITERAL_NULL_CONVERSION = YES;
				CLANG_WARN_OBJC_IMPLICIT_RETAIN_SELF = YES;
				CLANG_WARN_OBJC_LITERAL_CONVERSION = YES;
				CLANG_WARN_OBJC_ROOT_CLASS = YES_ERROR;
				CLANG_WARN_RANGE_LOOP_ANALYSIS = YES;
				CLANG_WARN_STRICT_PROTOTYPES = YES;
				CLANG_WARN_SUSPICIOUS_MOVE = YES;
				CLANG_WARN_UNGUARDED_AVAILABILITY = YES_AGGRESSIVE;
				CLANG_WARN_UNREACHABLE_CODE = YES;
				CLANG_WARN__DUPLICATE_METHOD_MATCH = YES;
				CODE_SIGN_IDENTITY = "iPhone Developer";
				COPY_PHASE_STRIP = NO;
				DEBUG_INFORMATION_FORMAT = dwarf;
				ENABLE_STRICT_OBJC_MSGSEND = YES;
				ENABLE_TESTABILITY = YES;
				GCC_C_LANGUAGE_STANDARD = gnu11;
				GCC_DYNAMIC_NO_PIC = NO;
				GCC_NO_COMMON_BLOCKS = YES;
				GCC_OPTIMIZATION_LEVEL = 0;
				GCC_PREPROCESSOR_DEFINITIONS = (
					"DEBUG=1",
					"$(inherited)",
				);
				GCC_WARN_64_TO_32_BIT_CONVERSION = YES;
				GCC_WARN_ABOUT_RETURN_TYPE = YES_ERROR;
				GCC_WARN_UNDECLARED_SELECTOR = YES;
				GCC_WARN_UNINITIALIZED_AUTOS = YES_AGGRESSIVE;
				GCC_WARN_UNUSED_FUNCTION = YES;
				GCC_WARN_UNUSED_VARIABLE = YES;
				IPHONEOS_DEPLOYMENT_TARGET = 11.4;
				MTL_ENABLE_DEBUG_INFO = YES;
				ONLY_ACTIVE_ARCH = YES;
				SDKROOT = iphoneos;
				SWIFT_ACTIVE_COMPILATION_CONDITIONS = DEBUG;
				SWIFT_OPTIMIZATION_LEVEL = "-Onone";
			};
			name = Debug;
		};
		2BCE11FB20EDAB20009F373A /* Release */ = {
			isa = XCBuildConfiguration;
			buildSettings = {
				ALWAYS_SEARCH_USER_PATHS = NO;
				CLANG_ANALYZER_NONNULL = YES;
				CLANG_ANALYZER_NUMBER_OBJECT_CONVERSION = YES_AGGRESSIVE;
				CLANG_CXX_LANGUAGE_STANDARD = "gnu++14";
				CLANG_CXX_LIBRARY = "libc++";
				CLANG_ENABLE_MODULES = YES;
				CLANG_ENABLE_OBJC_ARC = YES;
				CLANG_ENABLE_OBJC_WEAK = YES;
				CLANG_WARN_BLOCK_CAPTURE_AUTORELEASING = YES;
				CLANG_WARN_BOOL_CONVERSION = YES;
				CLANG_WARN_COMMA = YES;
				CLANG_WARN_CONSTANT_CONVERSION = YES;
				CLANG_WARN_DEPRECATED_OBJC_IMPLEMENTATIONS = YES;
				CLANG_WARN_DIRECT_OBJC_ISA_USAGE = YES_ERROR;
				CLANG_WARN_DOCUMENTATION_COMMENTS = YES;
				CLANG_WARN_EMPTY_BODY = YES;
				CLANG_WARN_ENUM_CONVERSION = YES;
				CLANG_WARN_INFINITE_RECURSION = YES;
				CLANG_WARN_INT_CONVERSION = YES;
				CLANG_WARN_NON_LITERAL_NULL_CONVERSION = YES;
				CLANG_WARN_OBJC_IMPLICIT_RETAIN_SELF = YES;
				CLANG_WARN_OBJC_LITERAL_CONVERSION = YES;
				CLANG_WARN_OBJC_ROOT_CLASS = YES_ERROR;
				CLANG_WARN_RANGE_LOOP_ANALYSIS = YES;
				CLANG_WARN_STRICT_PROTOTYPES = YES;
				CLANG_WARN_SUSPICIOUS_MOVE = YES;
				CLANG_WARN_UNGUARDED_AVAILABILITY = YES_AGGRESSIVE;
				CLANG_WARN_UNREACHABLE_CODE = YES;
				CLANG_WARN__DUPLICATE_METHOD_MATCH = YES;
				CODE_SIGN_IDENTITY = "iPhone Developer";
				COPY_PHASE_STRIP = NO;
				DEBUG_INFORMATION_FORMAT = "dwarf-with-dsym";
				ENABLE_NS_ASSERTIONS = NO;
				ENABLE_STRICT_OBJC_MSGSEND = YES;
				GCC_C_LANGUAGE_STANDARD = gnu11;
				GCC_NO_COMMON_BLOCKS = YES;
				GCC_WARN_64_TO_32_BIT_CONVERSION = YES;
				GCC_WARN_ABOUT_RETURN_TYPE = YES_ERROR;
				GCC_WARN_UNDECLARED_SELECTOR = YES;
				GCC_WARN_UNINITIALIZED_AUTOS = YES_AGGRESSIVE;
				GCC_WARN_UNUSED_FUNCTION = YES;
				GCC_WARN_UNUSED_VARIABLE = YES;
				IPHONEOS_DEPLOYMENT_TARGET = 11.4;
				MTL_ENABLE_DEBUG_INFO = NO;
				SDKROOT = iphoneos;
				SWIFT_COMPILATION_MODE = wholemodule;
				SWIFT_OPTIMIZATION_LEVEL = "-O";
				VALIDATE_PRODUCT = YES;
			};
			name = Release;
		};
		2BCE11FD20EDAB20009F373A /* Debug */ = {
			isa = XCBuildConfiguration;
			buildSettings = {
				ASSETCATALOG_COMPILER_APPICON_NAME = AppIcon;
				CODE_SIGN_STYLE = Automatic;
				DEVELOPMENT_TEAM = FQ49986HJ3;
				INFOPLIST_FILE = MSE7/Info.plist;
				LD_RUNPATH_SEARCH_PATHS = (
					"$(inherited)",
					"@executable_path/Frameworks",
				);
				PRODUCT_BUNDLE_IDENTIFIER = com.midfieldsolutions.MSE7;
				PRODUCT_NAME = "$(TARGET_NAME)";
				SWIFT_VERSION = 4.0;
				TARGETED_DEVICE_FAMILY = "1,2";
			};
			name = Debug;
		};
		2BCE11FE20EDAB20009F373A /* Release */ = {
			isa = XCBuildConfiguration;
			buildSettings = {
				ASSETCATALOG_COMPILER_APPICON_NAME = AppIcon;
				CODE_SIGN_STYLE = Automatic;
				DEVELOPMENT_TEAM = FQ49986HJ3;
				INFOPLIST_FILE = MSE7/Info.plist;
				LD_RUNPATH_SEARCH_PATHS = (
					"$(inherited)",
					"@executable_path/Frameworks",
				);
				PRODUCT_BUNDLE_IDENTIFIER = com.midfieldsolutions.MSE7;
				PRODUCT_NAME = "$(TARGET_NAME)";
				SWIFT_VERSION = 4.0;
				TARGETED_DEVICE_FAMILY = "1,2";
			};
			name = Release;
		};
/* End XCBuildConfiguration section */

/* Begin XCConfigurationList section */
		2BCE11E220EDAB1F009F373A /* Build configuration list for PBXProject "MSE7" */ = {
			isa = XCConfigurationList;
			buildConfigurations = (
				2BCE11FA20EDAB20009F373A /* Debug */,
				2BCE11FB20EDAB20009F373A /* Release */,
			);
			defaultConfigurationIsVisible = 0;
			defaultConfigurationName = Release;
		};
		2BCE11FC20EDAB20009F373A /* Build configuration list for PBXNativeTarget "MSE7" */ = {
			isa = XCConfigurationList;
			buildConfigurations = (
				2BCE11FD20EDAB20009F373A /* Debug */,
				2BCE11FE20EDAB20009F373A /* Release */,
			);
			defaultConfigurationIsVisible = 0;
			defaultConfigurationName = Release;
		};
/* End XCConfigurationList section */

/* Begin XCVersionGroup section */
		2BCE11F120EDAB1F009F373A /* MSE7.xcdatamodeld */ = {
			isa = XCVersionGroup;
			children = (
				2BCE11F220EDAB1F009F373A /* MSE7.xcdatamodel */,
			);
			currentVersion = 2BCE11F220EDAB1F009F373A /* MSE7.xcdatamodel */;
			path = MSE7.xcdatamodeld;
			sourceTree = "<group>";
			versionGroupType = wrapper.xcdatamodel;
		};
/* End XCVersionGroup section */
	};
	rootObject = 2BCE11DF20EDAB1F009F373A /* Project object */;
}
