// !$*UTF8*$!
{
	archiveVersion = 1;
	classes = {
	};
	objectVersion = 50;
	objects = {

/* Begin PBXBuildFile section */
		2B5C8EA720EEBD640074D292 /* CustomMessageCell.swift in Sources */ = {isa = PBXBuildFile; fileRef = 2B5C8EA620EEBD640074D292 /* CustomMessageCell.swift */; };
		2B5C8EA920EEBD6C0074D292 /* MessageCell.xib in Resources */ = {isa = PBXBuildFile; fileRef = 2B5C8EA820EEBD6C0074D292 /* MessageCell.xib */; };
		2B5C8EAB20EEBDC50074D292 /* Images.xcassets in Resources */ = {isa = PBXBuildFile; fileRef = 2B5C8EAA20EEBDC50074D292 /* Images.xcassets */; };
		2B5C8EAE20EEBDE60074D292 /* WelcomeViewController.swift in Sources */ = {isa = PBXBuildFile; fileRef = 2B5C8EAC20EEBDE50074D292 /* WelcomeViewController.swift */; };
		2B5C8EAF20EEBDE60074D292 /* RegisterViewController.swift in Sources */ = {isa = PBXBuildFile; fileRef = 2B5C8EAD20EEBDE60074D292 /* RegisterViewController.swift */; };
		2B5C8EB120EEBE1A0074D292 /* Main.storyboard in Resources */ = {isa = PBXBuildFile; fileRef = 2B5C8EB020EEBE1A0074D292 /* Main.storyboard */; };
		2B5C8EB320EEBE310074D292 /* LogInViewController.swift in Sources */ = {isa = PBXBuildFile; fileRef = 2B5C8EB220EEBE310074D292 /* LogInViewController.swift */; };
		2B5C8EB520EEBF380074D292 /* ChatViewController.swift in Sources */ = {isa = PBXBuildFile; fileRef = 2B5C8EB420EEBF380074D292 /* ChatViewController.swift */; };
		2B5C8EB720EEBFBB0074D292 /* Message.swift in Sources */ = {isa = PBXBuildFile; fileRef = 2B5C8EB620EEBFBB0074D292 /* Message.swift */; };
		2B6E4D5220EEC35F0086282A /* LaunchScreen.storyboard in Resources */ = {isa = PBXBuildFile; fileRef = 2B6E4D5120EEC35F0086282A /* LaunchScreen.storyboard */; };
		2BC6A35320EEB6AD00808BC1 /* GoogleService-Info.plist in Resources */ = {isa = PBXBuildFile; fileRef = 2BC6A35220EEB6AD00808BC1 /* GoogleService-Info.plist */; };
		2BCE11EB20EDAB1F009F373A /* AppDelegate.swift in Sources */ = {isa = PBXBuildFile; fileRef = 2BCE11EA20EDAB1F009F373A /* AppDelegate.swift */; };
		2BCE11ED20EDAB1F009F373A /* ViewController.swift in Sources */ = {isa = PBXBuildFile; fileRef = 2BCE11EC20EDAB1F009F373A /* ViewController.swift */; };
		2BCE11F320EDAB1F009F373A /* MSE7.xcdatamodeld in Sources */ = {isa = PBXBuildFile; fileRef = 2BCE11F120EDAB1F009F373A /* MSE7.xcdatamodeld */; };
		2BCE11F520EDAB20009F373A /* Assets.xcassets in Resources */ = {isa = PBXBuildFile; fileRef = 2BCE11F420EDAB20009F373A /* Assets.xcassets */; };
		6BAE17F81282F5C5AC036334 /* Pods_MSE7.framework in Frameworks */ = {isa = PBXBuildFile; fileRef = 6AECC32FDE34C2BC8AA6C081 /* Pods_MSE7.framework */; };
/* End PBXBuildFile section */

/* Begin PBXFileReference section */
		26365A94BA2F72E16E02BA20 /* Pods-MSE7.debug.xcconfig */ = {isa = PBXFileReference; includeInIndex = 1; lastKnownFileType = text.xcconfig; name = "Pods-MSE7.debug.xcconfig"; path = "Pods/Target Support Files/Pods-MSE7/Pods-MSE7.debug.xcconfig"; sourceTree = "<group>"; };
		2B5C8EA620EEBD640074D292 /* CustomMessageCell.swift */ = {isa = PBXFileReference; fileEncoding = 4; lastKnownFileType = sourcecode.swift; path = CustomMessageCell.swift; sourceTree = "<group>"; };
		2B5C8EA820EEBD6C0074D292 /* MessageCell.xib */ = {isa = PBXFileReference; fileEncoding = 4; lastKnownFileType = file.xib; path = MessageCell.xib; sourceTree = "<group>"; };
		2B5C8EAA20EEBDC50074D292 /* Images.xcassets */ = {isa = PBXFileReference; lastKnownFileType = folder.assetcatalog; path = Images.xcassets; sourceTree = "<group>"; };
		2B5C8EAC20EEBDE50074D292 /* WelcomeViewController.swift */ = {isa = PBXFileReference; fileEncoding = 4; lastKnownFileType = sourcecode.swift; path = WelcomeViewController.swift; sourceTree = "<group>"; };
		2B5C8EAD20EEBDE60074D292 /* RegisterViewController.swift */ = {isa = PBXFileReference; fileEncoding = 4; lastKnownFileType = sourcecode.swift; path = RegisterViewController.swift; sourceTree = "<group>"; };
		2B5C8EB020EEBE1A0074D292 /* Main.storyboard */ = {isa = PBXFileReference; fileEncoding = 4; lastKnownFileType = file.storyboard; path = Main.storyboard; sourceTree = "<group>"; };
		2B5C8EB220EEBE310074D292 /* LogInViewController.swift */ = {isa = PBXFileReference; fileEncoding = 4; lastKnownFileType = sourcecode.swift; path = LogInViewController.swift; sourceTree = "<group>"; };
		2B5C8EB420EEBF380074D292 /* ChatViewController.swift */ = {isa = PBXFileReference; fileEncoding = 4; lastKnownFileType = sourcecode.swift; path = ChatViewController.swift; sourceTree = "<group>"; };
		2B5C8EB620EEBFBB0074D292 /* Message.swift */ = {isa = PBXFileReference; fileEncoding = 4; lastKnownFileType = sourcecode.swift; path = Message.swift; sourceTree = "<group>"; };
		2B6E4D5120EEC35F0086282A /* LaunchScreen.storyboard */ = {isa = PBXFileReference; fileEncoding = 4; lastKnownFileType = file.storyboard; path = LaunchScreen.storyboard; sourceTree = "<group>"; };
		2BC6A35220EEB6AD00808BC1 /* GoogleService-Info.plist */ = {isa = PBXFileReference; fileEncoding = 4; lastKnownFileType = text.plist.xml; path = "GoogleService-Info.plist"; sourceTree = "<group>"; };
		2BCE11E720EDAB1F009F373A /* MSE7.app */ = {isa = PBXFileReference; explicitFileType = wrapper.application; includeInIndex = 0; path = MSE7.app; sourceTree = BUILT_PRODUCTS_DIR; };
		2BCE11EA20EDAB1F009F373A /* AppDelegate.swift */ = {isa = PBXFileReference; lastKnownFileType = sourcecode.swift; path = AppDelegate.swift; sourceTree = "<group>"; };
		2BCE11EC20EDAB1F009F373A /* ViewController.swift */ = {isa = PBXFileReference; lastKnownFileType = sourcecode.swift; path = ViewController.swift; sourceTree = "<group>"; };
		2BCE11F220EDAB1F009F373A /* MSE7.xcdatamodel */ = {isa = PBXFileReference; lastKnownFileType = wrapper.xcdatamodel; path = MSE7.xcdatamodel; sourceTree = "<group>"; };
		2BCE11F420EDAB20009F373A /* Assets.xcassets */ = {isa = PBXFileReference; lastKnownFileType = folder.assetcatalog; path = Assets.xcassets; sourceTree = "<group>"; };
		2BCE11F920EDAB20009F373A /* Info.plist */ = {isa = PBXFileReference; lastKnownFileType = text.plist.xml; path = Info.plist; sourceTree = "<group>"; };
		6AE01FB9055BFAF3B6B1D3B8 /* Pods-MSE7.release.xcconfig */ = {isa = PBXFileReference; includeInIndex = 1; lastKnownFileType = text.xcconfig; name = "Pods-MSE7.release.xcconfig"; path = "Pods/Target Support Files/Pods-MSE7/Pods-MSE7.release.xcconfig"; sourceTree = "<group>"; };
		6AECC32FDE34C2BC8AA6C081 /* Pods_MSE7.framework */ = {isa = PBXFileReference; explicitFileType = wrapper.framework; includeInIndex = 0; path = Pods_MSE7.framework; sourceTree = BUILT_PRODUCTS_DIR; };
/* End PBXFileReference section */

/* Begin PBXFrameworksBuildPhase section */
		2BCE11E420EDAB1F009F373A /* Frameworks */ = {
			isa = PBXFrameworksBuildPhase;
			buildActionMask = 2147483647;
			files = (
				6BAE17F81282F5C5AC036334 /* Pods_MSE7.framework in Frameworks */,
			);
			runOnlyForDeploymentPostprocessing = 0;
		};
/* End PBXFrameworksBuildPhase section */

/* Begin PBXGroup section */
		2B5C8EA520EEBD3A0074D292 /* Custom Cel */ = {
			isa = PBXGroup;
			children = (
				2B5C8EA820EEBD6C0074D292 /* MessageCell.xib */,
				2B5C8EA620EEBD640074D292 /* CustomMessageCell.swift */,
			);
			path = "Custom Cel";
			sourceTree = "<group>";
		};
		2BCE11DE20EDAB1F009F373A = {
			isa = PBXGroup;
			children = (
				2BCE11E920EDAB1F009F373A /* MSE7 */,
				2BCE11E820EDAB1F009F373A /* Products */,
				D481A1271D1ADE148B4A86FE /* Pods */,
				71105C4AADC1979C00AD64C8 /* Frameworks */,
			);
			sourceTree = "<group>";
		};
		2BCE11E820EDAB1F009F373A /* Products */ = {
			isa = PBXGroup;
			children = (
				2BCE11E720EDAB1F009F373A /* MSE7.app */,
			);
			name = Products;
			sourceTree = "<group>";
		};
		2BCE11E920EDAB1F009F373A /* MSE7 */ = {
			isa = PBXGroup;
			children = (
				2B5C8EAA20EEBDC50074D292 /* Images.xcassets */,
				2BCE120220EDABF9009F373A /* Supporting files */,
				2BCE11FF20EDABDD009F373A /* Controller */,
				2BCE120120EDABF1009F373A /* Model */,
				2BCE120020EDABE9009F373A /* View */,
			);
			path = MSE7;
			sourceTree = "<group>";
		};
		2BCE11FF20EDABDD009F373A /* Controller */ = {
			isa = PBXGroup;
			children = (
				2BCE11EC20EDAB1F009F373A /* ViewController.swift */,
				2B5C8EB420EEBF380074D292 /* ChatViewController.swift */,
				2B5C8EB220EEBE310074D292 /* LogInViewController.swift */,
				2B5C8EAD20EEBDE60074D292 /* RegisterViewController.swift */,
				2B5C8EAC20EEBDE50074D292 /* WelcomeViewController.swift */,
				2BCE11EA20EDAB1F009F373A /* AppDelegate.swift */,
			);
			path = Controller;
			sourceTree = "<group>";
		};
		2BCE120020EDABE9009F373A /* View */ = {
			isa = PBXGroup;
			children = (
				2B6E4D5120EEC35F0086282A /* LaunchScreen.storyboard */,
				2B5C8EB020EEBE1A0074D292 /* Main.storyboard */,
				2B5C8EA520EEBD3A0074D292 /* Custom Cel */,
			);
			path = View;
			sourceTree = "<group>";
		};
		2BCE120120EDABF1009F373A /* Model */ = {
			isa = PBXGroup;
			children = (
				2B5C8EB620EEBFBB0074D292 /* Message.swift */,
				2BCE11F120EDAB1F009F373A /* MSE7.xcdatamodeld */,
			);
			path = Model;
			sourceTree = "<group>";
		};
		2BCE120220EDABF9009F373A /* Supporting files */ = {
			isa = PBXGroup;
			children = (
				2BCE11F920EDAB20009F373A /* Info.plist */,
				2BC6A35220EEB6AD00808BC1 /* GoogleService-Info.plist */,
				2BCE11F420EDAB20009F373A /* Assets.xcassets */,
			);
			path = "Supporting files";
			sourceTree = "<group>";
		};
		71105C4AADC1979C00AD64C8 /* Frameworks */ = {
			isa = PBXGroup;
			children = (
				6AECC32FDE34C2BC8AA6C081 /* Pods_MSE7.framework */,
			);
			name = Frameworks;
			sourceTree = "<group>";
		};
		D481A1271D1ADE148B4A86FE /* Pods */ = {
			isa = PBXGroup;
			children = (
				26365A94BA2F72E16E02BA20 /* Pods-MSE7.debug.xcconfig */,
				6AE01FB9055BFAF3B6B1D3B8 /* Pods-MSE7.release.xcconfig */,
			);
			name = Pods;
			sourceTree = "<group>";
		};
/* End PBXGroup section */

/* Begin PBXNativeTarget section */
		2BCE11E620EDAB1F009F373A /* MSE7 */ = {
			isa = PBXNativeTarget;
			buildConfigurationList = 2BCE11FC20EDAB20009F373A /* Build configuration list for PBXNativeTarget "MSE7" */;
			buildPhases = (
				4929D662ED9C0B551DFC0E70 /* [CP] Check Pods Manifest.lock */,
				2BCE11E320EDAB1F009F373A /* Sources */,
				2BCE11E420EDAB1F009F373A /* Frameworks */,
				2BCE11E520EDAB1F009F373A /* Resources */,
				088EFD06BB307903211190AE /* [CP] Embed Pods Frameworks */,
			);
			buildRules = (
			);
			dependencies = (
			);
			name = MSE7;
			productName = MSE7;
			productReference = 2BCE11E720EDAB1F009F373A /* MSE7.app */;
			productType = "com.apple.product-type.application";
		};
/* End PBXNativeTarget section */

/* Begin PBXProject section */
		2BCE11DF20EDAB1F009F373A /* Project object */ = {
			isa = PBXProject;
			attributes = {
				LastSwiftUpdateCheck = 0940;
				LastUpgradeCheck = 0940;
				ORGANIZATIONNAME = MidfieldSoultions;
				TargetAttributes = {
					2BCE11E620EDAB1F009F373A = {
						CreatedOnToolsVersion = 9.4.1;
					};
				};
			};
			buildConfigurationList = 2BCE11E220EDAB1F009F373A /* Build configuration list for PBXProject "MSE7" */;
			compatibilityVersion = "Xcode 9.3";
			developmentRegion = en;
			hasScannedForEncodings = 0;
			knownRegions = (
				en,
				Base,
			);
			mainGroup = 2BCE11DE20EDAB1F009F373A;
			productRefGroup = 2BCE11E820EDAB1F009F373A /* Products */;
			projectDirPath = "";
			projectRoot = "";
			targets = (
				2BCE11E620EDAB1F009F373A /* MSE7 */,
			);
		};
/* End PBXProject section */

/* Begin PBXResourcesBuildPhase section */
		2BCE11E520EDAB1F009F373A /* Resources */ = {
			isa = PBXResourcesBuildPhase;
			buildActionMask = 2147483647;
			files = (
				2B5C8EB120EEBE1A0074D292 /* Main.storyboard in Resources */,
				2B5C8EA920EEBD6C0074D292 /* MessageCell.xib in Resources */,
				2BCE11F520EDAB20009F373A /* Assets.xcassets in Resources */,
				2B6E4D5220EEC35F0086282A /* LaunchScreen.storyboard in Resources */,
				2B5C8EAB20EEBDC50074D292 /* Images.xcassets in Resources */,
				2BC6A35320EEB6AD00808BC1 /* GoogleService-Info.plist in Resources */,
			);
			runOnlyForDeploymentPostprocessing = 0;
		};
/* End PBXResourcesBuildPhase section */

/* Begin PBXShellScriptBuildPhase section */
		088EFD06BB307903211190AE /* [CP] Embed Pods Frameworks */ = {
			isa = PBXShellScriptBuildPhase;
			buildActionMask = 2147483647;
			files = (
			);
			inputPaths = (
				"${SRCROOT}/Pods/Target Support Files/Pods-MSE7/Pods-MSE7-frameworks.sh",
				"${BUILT_PRODUCTS_DIR}/ChameleonFramework/ChameleonFramework.framework",
				"${BUILT_PRODUCTS_DIR}/GTMSessionFetcher/GTMSessionFetcher.framework",
				"${BUILT_PRODUCTS_DIR}/GoogleToolboxForMac/GoogleToolboxForMac.framework",
				"${BUILT_PRODUCTS_DIR}/SVProgressHUD/SVProgressHUD.framework",
				"${BUILT_PRODUCTS_DIR}/leveldb-library/leveldb.framework",
				"${BUILT_PRODUCTS_DIR}/nanopb/nanopb.framework",
			);
			name = "[CP] Embed Pods Frameworks";
			outputPaths = (
				"${TARGET_BUILD_DIR}/${FRAMEWORKS_FOLDER_PATH}/ChameleonFramework.framework",
				"${TARGET_BUILD_DIR}/${FRAMEWORKS_FOLDER_PATH}/GTMSessionFetcher.framework",
				"${TARGET_BUILD_DIR}/${FRAMEWORKS_FOLDER_PATH}/GoogleToolboxForMac.framework",
				"${TARGET_BUILD_DIR}/${FRAMEWORKS_FOLDER_PATH}/SVProgressHUD.framework",
				"${TARGET_BUILD_DIR}/${FRAMEWORKS_FOLDER_PATH}/leveldb.framework",
				"${TARGET_BUILD_DIR}/${FRAMEWORKS_FOLDER_PATH}/nanopb.framework",
			);
			runOnlyForDeploymentPostprocessing = 0;
			shellPath = /bin/sh;
			shellScript = "\"${SRCROOT}/Pods/Target Support Files/Pods-MSE7/Pods-MSE7-frameworks.sh\"\n";
			showEnvVarsInLog = 0;
		};
		4929D662ED9C0B551DFC0E70 /* [CP] Check Pods Manifest.lock */ = {
			isa = PBXShellScriptBuildPhase;
			buildActionMask = 2147483647;
			files = (
			);
			inputPaths = (
				"${PODS_PODFILE_DIR_PATH}/Podfile.lock",
				"${PODS_ROOT}/Manifest.lock",
			);
			name = "[CP] Check Pods Manifest.lock";
			outputPaths = (
				"$(DERIVED_FILE_DIR)/Pods-MSE7-checkManifestLockResult.txt",
			);
			runOnlyForDeploymentPostprocessing = 0;
			shellPath = /bin/sh;
			shellScript = "diff \"${PODS_PODFILE_DIR_PATH}/Podfile.lock\" \"${PODS_ROOT}/Manifest.lock\" > /dev/null\nif [ $? != 0 ] ; then\n    # print error to STDERR\n    echo \"error: The sandbox is not in sync with the Podfile.lock. Run 'pod install' or update your CocoaPods installation.\" >&2\n    exit 1\nfi\n# This output is used by Xcode 'outputs' to avoid re-running this script phase.\necho \"SUCCESS\" > \"${SCRIPT_OUTPUT_FILE_0}\"\n";
			showEnvVarsInLog = 0;
		};
/* End PBXShellScriptBuildPhase section */

/* Begin PBXSourcesBuildPhase section */
		2BCE11E320EDAB1F009F373A /* Sources */ = {
			isa = PBXSourcesBuildPhase;
			buildActionMask = 2147483647;
			files = (
				2BCE11ED20EDAB1F009F373A /* ViewController.swift in Sources */,
				2B5C8EAE20EEBDE60074D292 /* WelcomeViewController.swift in Sources */,
				2B5C8EB520EEBF380074D292 /* ChatViewController.swift in Sources */,
				2B5C8EB720EEBFBB0074D292 /* Message.swift in Sources */,
				2BCE11F320EDAB1F009F373A /* MSE7.xcdatamodeld in Sources */,
				2B5C8EB320EEBE310074D292 /* LogInViewController.swift in Sources */,
				2B5C8EAF20EEBDE60074D292 /* RegisterViewController.swift in Sources */,
				2B5C8EA720EEBD640074D292 /* CustomMessageCell.swift in Sources */,
				2BCE11EB20EDAB1F009F373A /* AppDelegate.swift in Sources */,
			);
			runOnlyForDeploymentPostprocessing = 0;
		};
/* End PBXSourcesBuildPhase section */

/* Begin XCBuildConfiguration section */
		2BCE11FA20EDAB20009F373A /* Debug */ = {
			isa = XCBuildConfiguration;
			buildSettings = {
				ALWAYS_SEARCH_USER_PATHS = NO;
				CLANG_ANALYZER_NONNULL = YES;
				CLANG_ANALYZER_NUMBER_OBJECT_CONVERSION = YES_AGGRESSIVE;
				CLANG_CXX_LANGUAGE_STANDARD = "gnu++14";
				CLANG_CXX_LIBRARY = "libc++";
				CLANG_ENABLE_MODULES = YES;
				CLANG_ENABLE_OBJC_ARC = YES;
				CLANG_ENABLE_OBJC_WEAK = YES;
				CLANG_WARN_BLOCK_CAPTURE_AUTORELEASING = YES;
				CLANG_WARN_BOOL_CONVERSION = YES;
				CLANG_WARN_COMMA = YES;
				CLANG_WARN_CONSTANT_CONVERSION = YES;
				CLANG_WARN_DEPRECATED_OBJC_IMPLEMENTATIONS = YES;
				CLANG_WARN_DIRECT_OBJC_ISA_USAGE = YES_ERROR;
				CLANG_WARN_DOCUMENTATION_COMMENTS = YES;
				CLANG_WARN_EMPTY_BODY = YES;
				CLANG_WARN_ENUM_CONVERSION = YES;
				CLANG_WARN_INFINITE_RECURSION = YES;
				CLANG_WARN_INT_CONVERSION = YES;
				CLANG_WARN_NON_LITERAL_NULL_CONVERSION = YES;
				CLANG_WARN_OBJC_IMPLICIT_RETAIN_SELF = YES;
				CLANG_WARN_OBJC_LITERAL_CONVERSION = YES;
				CLANG_WARN_OBJC_ROOT_CLASS = YES_ERROR;
				CLANG_WARN_RANGE_LOOP_ANALYSIS = YES;
				CLANG_WARN_STRICT_PROTOTYPES = YES;
				CLANG_WARN_SUSPICIOUS_MOVE = YES;
				CLANG_WARN_UNGUARDED_AVAILABILITY = YES_AGGRESSIVE;
				CLANG_WARN_UNREACHABLE_CODE = YES;
				CLANG_WARN__DUPLICATE_METHOD_MATCH = YES;
				CODE_SIGN_IDENTITY = "iPhone Developer";
				COPY_PHASE_STRIP = NO;
				DEBUG_INFORMATION_FORMAT = dwarf;
				ENABLE_STRICT_OBJC_MSGSEND = YES;
				ENABLE_TESTABILITY = YES;
				GCC_C_LANGUAGE_STANDARD = gnu11;
				GCC_DYNAMIC_NO_PIC = NO;
				GCC_NO_COMMON_BLOCKS = YES;
				GCC_OPTIMIZATION_LEVEL = 0;
				GCC_PREPROCESSOR_DEFINITIONS = (
					"DEBUG=1",
					"$(inherited)",
				);
				GCC_WARN_64_TO_32_BIT_CONVERSION = YES;
				GCC_WARN_ABOUT_RETURN_TYPE = YES_ERROR;
				GCC_WARN_UNDECLARED_SELECTOR = YES;
				GCC_WARN_UNINITIALIZED_AUTOS = YES_AGGRESSIVE;
				GCC_WARN_UNUSED_FUNCTION = YES;
				GCC_WARN_UNUSED_VARIABLE = YES;
				IPHONEOS_DEPLOYMENT_TARGET = 11.4;
				MTL_ENABLE_DEBUG_INFO = YES;
				ONLY_ACTIVE_ARCH = YES;
				SDKROOT = iphoneos;
				SWIFT_ACTIVE_COMPILATION_CONDITIONS = DEBUG;
				SWIFT_OPTIMIZATION_LEVEL = "-Onone";
			};
			name = Debug;
		};
		2BCE11FB20EDAB20009F373A /* Release */ = {
			isa = XCBuildConfiguration;
			buildSettings = {
				ALWAYS_SEARCH_USER_PATHS = NO;
				CLANG_ANALYZER_NONNULL = YES;
				CLANG_ANALYZER_NUMBER_OBJECT_CONVERSION = YES_AGGRESSIVE;
				CLANG_CXX_LANGUAGE_STANDARD = "gnu++14";
				CLANG_CXX_LIBRARY = "libc++";
				CLANG_ENABLE_MODULES = YES;
				CLANG_ENABLE_OBJC_ARC = YES;
				CLANG_ENABLE_OBJC_WEAK = YES;
				CLANG_WARN_BLOCK_CAPTURE_AUTORELEASING = YES;
				CLANG_WARN_BOOL_CONVERSION = YES;
				CLANG_WARN_COMMA = YES;
				CLANG_WARN_CONSTANT_CONVERSION = YES;
				CLANG_WARN_DEPRECATED_OBJC_IMPLEMENTATIONS = YES;
				CLANG_WARN_DIRECT_OBJC_ISA_USAGE = YES_ERROR;
				CLANG_WARN_DOCUMENTATION_COMMENTS = YES;
				CLANG_WARN_EMPTY_BODY = YES;
				CLANG_WARN_ENUM_CONVERSION = YES;
				CLANG_WARN_INFINITE_RECURSION = YES;
				CLANG_WARN_INT_CONVERSION = YES;
				CLANG_WARN_NON_LITERAL_NULL_CONVERSION = YES;
				CLANG_WARN_OBJC_IMPLICIT_RETAIN_SELF = YES;
				CLANG_WARN_OBJC_LITERAL_CONVERSION = YES;
				CLANG_WARN_OBJC_ROOT_CLASS = YES_ERROR;
				CLANG_WARN_RANGE_LOOP_ANALYSIS = YES;
				CLANG_WARN_STRICT_PROTOTYPES = YES;
				CLANG_WARN_SUSPICIOUS_MOVE = YES;
				CLANG_WARN_UNGUARDED_AVAILABILITY = YES_AGGRESSIVE;
				CLANG_WARN_UNREACHABLE_CODE = YES;
				CLANG_WARN__DUPLICATE_METHOD_MATCH = YES;
				CODE_SIGN_IDENTITY = "iPhone Developer";
				COPY_PHASE_STRIP = NO;
				DEBUG_INFORMATION_FORMAT = "dwarf-with-dsym";
				ENABLE_NS_ASSERTIONS = NO;
				ENABLE_STRICT_OBJC_MSGSEND = YES;
				GCC_C_LANGUAGE_STANDARD = gnu11;
				GCC_NO_COMMON_BLOCKS = YES;
				GCC_WARN_64_TO_32_BIT_CONVERSION = YES;
				GCC_WARN_ABOUT_RETURN_TYPE = YES_ERROR;
				GCC_WARN_UNDECLARED_SELECTOR = YES;
				GCC_WARN_UNINITIALIZED_AUTOS = YES_AGGRESSIVE;
				GCC_WARN_UNUSED_FUNCTION = YES;
				GCC_WARN_UNUSED_VARIABLE = YES;
				IPHONEOS_DEPLOYMENT_TARGET = 11.4;
				MTL_ENABLE_DEBUG_INFO = NO;
				SDKROOT = iphoneos;
				SWIFT_COMPILATION_MODE = wholemodule;
				SWIFT_OPTIMIZATION_LEVEL = "-O";
				VALIDATE_PRODUCT = YES;
			};
			name = Release;
		};
		2BCE11FD20EDAB20009F373A /* Debug */ = {
			isa = XCBuildConfiguration;
			baseConfigurationReference = 26365A94BA2F72E16E02BA20 /* Pods-MSE7.debug.xcconfig */;
			buildSettings = {
				ASSETCATALOG_COMPILER_APPICON_NAME = AppIcon;
				CODE_SIGN_STYLE = Automatic;
				DEVELOPMENT_TEAM = FQ49986HJ3;
				INFOPLIST_FILE = "$(SRCROOT)/MSE7/Supporting files/Info.plist";
				LD_RUNPATH_SEARCH_PATHS = (
					"$(inherited)",
					"@executable_path/Frameworks",
				);
				PRODUCT_BUNDLE_IDENTIFIER = com.midfieldsolutions.MSE7;
				PRODUCT_NAME = "$(TARGET_NAME)";
				SWIFT_VERSION = 4.0;
				TARGETED_DEVICE_FAMILY = "1,2";
			};
			name = Debug;
		};
		2BCE11FE20EDAB20009F373A /* Release */ = {
			isa = XCBuildConfiguration;
			baseConfigurationReference = 6AE01FB9055BFAF3B6B1D3B8 /* Pods-MSE7.release.xcconfig */;
			buildSettings = {
				ASSETCATALOG_COMPILER_APPICON_NAME = AppIcon;
				CODE_SIGN_STYLE = Automatic;
				DEVELOPMENT_TEAM = FQ49986HJ3;
				INFOPLIST_FILE = "$(SRCROOT)/MSE7/Supporting files/Info.plist";
				LD_RUNPATH_SEARCH_PATHS = (
					"$(inherited)",
					"@executable_path/Frameworks",
				);
				PRODUCT_BUNDLE_IDENTIFIER = com.midfieldsolutions.MSE7;
				PRODUCT_NAME = "$(TARGET_NAME)";
				SWIFT_VERSION = 4.0;
				TARGETED_DEVICE_FAMILY = "1,2";
			};
			name = Release;
		};
/* End XCBuildConfiguration section */

/* Begin XCConfigurationList section */
		2BCE11E220EDAB1F009F373A /* Build configuration list for PBXProject "MSE7" */ = {
			isa = XCConfigurationList;
			buildConfigurations = (
				2BCE11FA20EDAB20009F373A /* Debug */,
				2BCE11FB20EDAB20009F373A /* Release */,
			);
			defaultConfigurationIsVisible = 0;
			defaultConfigurationName = Release;
		};
		2BCE11FC20EDAB20009F373A /* Build configuration list for PBXNativeTarget "MSE7" */ = {
			isa = XCConfigurationList;
			buildConfigurations = (
				2BCE11FD20EDAB20009F373A /* Debug */,
				2BCE11FE20EDAB20009F373A /* Release */,
			);
			defaultConfigurationIsVisible = 0;
			defaultConfigurationName = Release;
		};
/* End XCConfigurationList section */

/* Begin XCVersionGroup section */
		2BCE11F120EDAB1F009F373A /* MSE7.xcdatamodeld */ = {
			isa = XCVersionGroup;
			children = (
				2BCE11F220EDAB1F009F373A /* MSE7.xcdatamodel */,
			);
			currentVersion = 2BCE11F220EDAB1F009F373A /* MSE7.xcdatamodel */;
			path = MSE7.xcdatamodeld;
			sourceTree = "<group>";
			versionGroupType = wrapper.xcdatamodel;
		};
/* End XCVersionGroup section */
	};
	rootObject = 2BCE11DF20EDAB1F009F373A /* Project object */;
}
